{
  "name": "web-remote",
  "version": "1.0.0",
  "lockfileVersion": 2,
  "requires": true,
  "packages": {
    "": {
      "version": "1.0.0",
      "license": "ISC",
      "dependencies": {
        "shell": "^0.9.4"
      }
    },
    "node_modules/clone": {
      "version": "1.0.4",
      "resolved": "https://registry.npmjs.org/clone/-/clone-1.0.4.tgz",
      "integrity": "sha1-2jCcwmPfFZlMaIypAheco8fNfH4=",
      "engines": {
        "node": ">=0.8"
      }
    },
    "node_modules/defaults": {
      "version": "1.0.3",
      "resolved": "https://registry.npmjs.org/defaults/-/defaults-1.0.3.tgz",
      "integrity": "sha1-xlYFHpgX2f8I7YgUd/P+QBnz730=",
      "dependencies": {
        "clone": "^1.0.2"
      }
    },
    "node_modules/mixme": {
      "version": "0.5.4",
      "resolved": "https://registry.npmjs.org/mixme/-/mixme-0.5.4.tgz",
      "integrity": "sha512-3KYa4m4Vlqx98GPdOHghxSdNtTvcP8E0kkaJ5Dlh+h2DRzF7zpuVVcA8B0QpKd11YJeP9QQ7ASkKzOeu195Wzw==",
      "engines": {
        "node": ">= 8.0.0"
      }
    },
    "node_modules/pad": {
      "version": "3.2.0",
      "resolved": "https://registry.npmjs.org/pad/-/pad-3.2.0.tgz",
      "integrity": "sha512-2u0TrjcGbOjBTJpyewEl4hBO3OeX5wWue7eIFPzQTg6wFSvoaHcBTTUY5m+n0hd04gmTCPuY0kCpVIVuw5etwg==",
      "dependencies": {
        "wcwidth": "^1.0.1"
      },
      "engines": {
        "node": ">= 4.0.0"
      }
    },
    "node_modules/plug-and-play": {
      "version": "2.5.4",
      "resolved": "https://registry.npmjs.org/plug-and-play/-/plug-and-play-2.5.4.tgz",
      "integrity": "sha512-Mj0VnPSbjq45tk0ue9f0He9G7XWbbXAT54FPtVxQ1rX//N7JJuXSpm1jo8vl6YaGmeYaU/keurRC0B0FKVrYLw==",
      "dependencies": {
        "mixme": "^0.5.4",
        "toposort": "^2.0.2"
      }
    },
    "node_modules/shell": {
      "version": "0.9.4",
      "resolved": "https://registry.npmjs.org/shell/-/shell-0.9.4.tgz",
      "integrity": "sha512-+ghvKO3N1/4/c5T30EPPQ80P3MjRtuOwQIfewyB2ZVgdzTjtuCJ42qF1QbfKxMqhdGZvjccpTQYkQ+Wwtm3hnQ==",
      "dependencies": {
        "mixme": "^0.5.4",
        "pad": "^3.2.0",
        "plug-and-play": "^2.4.0"
      },
      "engines": {
        "node": ">= 0.10.x"
      }
    },
    "node_modules/toposort": {
      "version": "2.0.2",
      "resolved": "https://registry.npmjs.org/toposort/-/toposort-2.0.2.tgz",
      "integrity": "sha1-riF2gXXRVZ1IvvNUILL0li8JwzA="
    },
    "node_modules/wcwidth": {
      "version": "1.0.1",
      "resolved": "https://registry.npmjs.org/wcwidth/-/wcwidth-1.0.1.tgz",
      "integrity": "sha1-8LDc+RW8X/FSivrbLA4XtTLaL+g=",
      "dependencies": {
        "defaults": "^1.0.3"
      }
    }
  },
  "dependencies": {
    "clone": {
      "version": "1.0.4",
      "resolved": "https://registry.npmjs.org/clone/-/clone-1.0.4.tgz",
      "integrity": "sha1-2jCcwmPfFZlMaIypAheco8fNfH4="
    },
    "defaults": {
      "version": "1.0.3",
      "resolved": "https://registry.npmjs.org/defaults/-/defaults-1.0.3.tgz",
      "integrity": "sha1-xlYFHpgX2f8I7YgUd/P+QBnz730=",
      "requires": {
        "clone": "^1.0.2"
      }
    },
    "mixme": {
      "version": "0.5.4",
      "resolved": "https://registry.npmjs.org/mixme/-/mixme-0.5.4.tgz",
      "integrity": "sha512-3KYa4m4Vlqx98GPdOHghxSdNtTvcP8E0kkaJ5Dlh+h2DRzF7zpuVVcA8B0QpKd11YJeP9QQ7ASkKzOeu195Wzw=="
    },
    "pad": {
      "version": "3.2.0",
      "resolved": "https://registry.npmjs.org/pad/-/pad-3.2.0.tgz",
      "integrity": "sha512-2u0TrjcGbOjBTJpyewEl4hBO3OeX5wWue7eIFPzQTg6wFSvoaHcBTTUY5m+n0hd04gmTCPuY0kCpVIVuw5etwg==",
      "requires": {
        "wcwidth": "^1.0.1"
      }
    },
    "plug-and-play": {
      "version": "2.5.4",
      "resolved": "https://registry.npmjs.org/plug-and-play/-/plug-and-play-2.5.4.tgz",
      "integrity": "sha512-Mj0VnPSbjq45tk0ue9f0He9G7XWbbXAT54FPtVxQ1rX//N7JJuXSpm1jo8vl6YaGmeYaU/keurRC0B0FKVrYLw==",
      "requires": {
        "mixme": "^0.5.4",
        "toposort": "^2.0.2"
      }
    },
    "shell": {
      "version": "0.9.4",
      "resolved": "https://registry.npmjs.org/shell/-/shell-0.9.4.tgz",
      "integrity": "sha512-+ghvKO3N1/4/c5T30EPPQ80P3MjRtuOwQIfewyB2ZVgdzTjtuCJ42qF1QbfKxMqhdGZvjccpTQYkQ+Wwtm3hnQ==",
      "requires": {
        "mixme": "^0.5.4",
        "pad": "^3.2.0",
        "plug-and-play": "^2.4.0"
      }
    },
    "toposort": {
      "version": "2.0.2",
      "resolved": "https://registry.npmjs.org/toposort/-/toposort-2.0.2.tgz",
      "integrity": "sha1-riF2gXXRVZ1IvvNUILL0li8JwzA="
    },
    "wcwidth": {
      "version": "1.0.1",
      "resolved": "https://registry.npmjs.org/wcwidth/-/wcwidth-1.0.1.tgz",
      "integrity": "sha1-8LDc+RW8X/FSivrbLA4XtTLaL+g=",
      "requires": {
        "defaults": "^1.0.3"
      }
    }
  }
}
